# This file is automatically @generated by Cargo.
# It is not intended for manual editing.
[[package]]
name = "bit_field"
version = "0.7.0"
source = "registry+https://github.com/rust-lang/crates.io-index"
checksum = "ff91a64014e1bc53bf643920f2c9ab5f0980d92a0948295f3ee550e9266849ad"

[[package]]
name = "blink"
version = "0.1.0"
dependencies = [
 "rustduino",
]

[[package]]
name = "const_env--value"
version = "0.1.2"
source = "registry+https://github.com/rust-lang/crates.io-index"
checksum = "1ade503a5095050a5bf3feb8ae71842fb49dfc4af01dd613beb4f00bb7144645"
dependencies = [
 "const_env_impl--value",
]

[[package]]
name = "const_env_impl--value"
version = "0.1.2"
source = "registry+https://github.com/rust-lang/crates.io-index"
checksum = "a046e06596453266c54d3eb790813fd047494fc1d04d5077fba628bf84e1b83a"
dependencies = [
 "proc-macro2",
 "quote",
 "syn",
]

[[package]]
name = "fixed-slice-vec"
version = "0.8.0"
source = "registry+https://github.com/rust-lang/crates.io-index"
checksum = "fafbcddfce402d6170ee6e5037f032dd96233ce73c66f7d83a4150fb76814b44"

[[package]]
name = "proc-macro2"
version = "1.0.27"
source = "registry+https://github.com/rust-lang/crates.io-index"
checksum = "f0d8caf72986c1a598726adc988bb5984792ef84f5ee5aa50209145ee8077038"
dependencies = [
 "unicode-xid",
]

[[package]]
name = "quote"
version = "1.0.9"
source = "registry+https://github.com/rust-lang/crates.io-index"
checksum = "c3d0b9745dc2debf507c8422de05d7226cc1f0644216dfdfead988f9b1ab32a7"
dependencies = [
 "proc-macro2",
]

[[package]]
name = "rustduino"
version = "0.1.0"
dependencies = [
 "bit_field",
 "const_env--value",
 "fixed-slice-vec",
 "volatile",
]

[[package]]
name = "syn"
version = "1.0.74"
source = "registry+https://github.com/rust-lang/crates.io-index"
checksum = "1873d832550d4588c3dbc20f01361ab00bfe741048f71e3fecf145a7cc18b29c"
dependencies = [
 "proc-macro2",
 "quote",
 "unicode-xid",
]

[[package]]
name = "unicode-xid"
version = "0.2.2"
source = "registry+https://github.com/rust-lang/crates.io-index"
checksum = "8ccb82d61f80a663efe1f787a51b16b5a51e3314d6ac365b08639f52387b33f3"

[[package]]
name = "volatile"
version = "0.2.7"
source = "registry+https://github.com/rust-lang/crates.io-index"
checksum = "f6b06ad3ed06fef1713569d547cdbdb439eafed76341820fb0e0344f29a41945"
